{
  "originHash" : "b23422aef521512325efb89ba602ef5661eec3468b5c7b3c0cbaacd2e26044b9",
  "pins" : [
    {
      "identity" : "swift-incits-4-1986",
      "kind" : "remoteSourceControl",
      "location" : "https://github.com/swift-standards/swift-incits-4-1986",
      "state" : {
        "revision" : "17fcd28216139523ac0c11145df726688e1764db",
        "version" : "0.5.0"
      }
    },
    {
      "identity" : "swift-memory-allocation",
      "kind" : "remoteSourceControl",
      "location" : "https://github.com/coenttb/swift-memory-allocation",
      "state" : {
        "revision" : "0efbfb98b4a9dbc958e7c45b4f5a5cfa29cdbcb8",
        "version" : "0.1.0"
      }
    },
    {
      "identity" : "swift-standards",
      "kind" : "remoteSourceControl",
      "location" : "https://github.com/swift-standards/swift-standards",
      "state" : {
        "revision" : "a0bdd4e857a9fe15e9d8742ac743ef192ddcb40a",
        "version" : "0.6.0"
      }
    },
    {
      "identity" : "swift-testing-performance",
      "kind" : "remoteSourceControl",
      "location" : "https://github.com/coenttb/swift-testing-performance",
      "state" : {
        "revision" : "3694d3733ba9d6f8035c48fe48ab189be840da61",
        "version" : "0.1.1"
      }
    }
  ],
  "version" : 3
}
